
Microsoft Visual Studio Solution File, Format Version 12.00
# Visual Studio Version 17
VisualStudioVersion = 17.3.32804.467
MinimumVisualStudioVersion = 10.0.40219.1
Project("{FAE04EC0-301F-11D3-BF4B-00C04F79EFBC}") = "FnGenerateDataTransacion", "FnGenerateDataTransacion\FnGenerateDataTransacion.csproj", "{CFF0743F-624E-4758-8759-15F63C1390D5}"
EndProject
Global
	GlobalSection(SolutionConfigurationPlatforms) = preSolution
		Debug|Any CPU = Debug|Any CPU
		Release|Any CPU = Release|Any CPU
	EndGlobalSection
	GlobalSection(ProjectConfigurationPlatforms) = postSolution
		{CFF0743F-624E-4758-8759-15F63C1390D5}.Debug|Any CPU.ActiveCfg = Debug|Any CPU
		{CFF0743F-624E-4758-8759-15F63C1390D5}.Debug|Any CPU.Build.0 = Debug|Any CPU
		{CFF0743F-624E-4758-8759-15F63C1390D5}.Release|Any CPU.ActiveCfg = Release|Any CPU
		{CFF0743F-624E-4758-8759-15F63C1390D5}.Release|Any CPU.Build.0 = Release|Any CPU
	EndGlobalSection
	GlobalSection(SolutionProperties) = preSolution
		HideSolutionNode = FALSE
	EndGlobalSection
	GlobalSection(ExtensibilityGlobals) = postSolution
		SolutionGuid = {F4FA7EF1-E78A-400A-8B13-8F4234AF63E0}
	EndGlobalSection
EndGlobal
