
Microsoft Visual Studio Solution File, Format Version 12.00
# Visual Studio Version 17
VisualStudioVersion = 17.3.32804.467
MinimumVisualStudioVersion = 10.0.40219.1
Project("{FAE04EC0-301F-11D3-BF4B-00C04F79EFBC}") = "FnGravarBlob", "FnGravarBlob\FnGravarBlob.csproj", "{FFB58265-7E2F-464D-BAA3-C8F983DD798F}"
EndProject
Global
	GlobalSection(SolutionConfigurationPlatforms) = preSolution
		Debug|Any CPU = Debug|Any CPU
		Release|Any CPU = Release|Any CPU
	EndGlobalSection
	GlobalSection(ProjectConfigurationPlatforms) = postSolution
		{FFB58265-7E2F-464D-BAA3-C8F983DD798F}.Debug|Any CPU.ActiveCfg = Debug|Any CPU
		{FFB58265-7E2F-464D-BAA3-C8F983DD798F}.Debug|Any CPU.Build.0 = Debug|Any CPU
		{FFB58265-7E2F-464D-BAA3-C8F983DD798F}.Release|Any CPU.ActiveCfg = Release|Any CPU
		{FFB58265-7E2F-464D-BAA3-C8F983DD798F}.Release|Any CPU.Build.0 = Release|Any CPU
	EndGlobalSection
	GlobalSection(SolutionProperties) = preSolution
		HideSolutionNode = FALSE
	EndGlobalSection
	GlobalSection(ExtensibilityGlobals) = postSolution
		SolutionGuid = {F653B969-75FE-43B5-987C-F13D5DB68B3B}
	EndGlobalSection
EndGlobal
